
Microsoft Visual Studio Solution File, Format Version 12.00
# Visual Studio Version 17
VisualStudioVersion = 17.6.33829.357
MinimumVisualStudioVersion = 10.0.40219.1
Project("{FAE04EC0-301F-11D3-BF4B-00C04F79EFBC}") = "DecodeTheMessage", "DecodeTheMessage.csproj", "{136CDC61-694C-403C-A286-21AD97EC123D}"
EndProject
Global
	GlobalSection(SolutionConfigurationPlatforms) = preSolution
		Debug|Any CPU = Debug|Any CPU
		Release|Any CPU = Release|Any CPU
	EndGlobalSection
	GlobalSection(ProjectConfigurationPlatforms) = postSolution
		{136CDC61-694C-403C-A286-21AD97EC123D}.Debug|Any CPU.ActiveCfg = Debug|Any CPU
		{136CDC61-694C-403C-A286-21AD97EC123D}.Debug|Any CPU.Build.0 = Debug|Any CPU
		{136CDC61-694C-403C-A286-21AD97EC123D}.Release|Any CPU.ActiveCfg = Release|Any CPU
		{136CDC61-694C-403C-A286-21AD97EC123D}.Release|Any CPU.Build.0 = Release|Any CPU
	EndGlobalSection
	GlobalSection(SolutionProperties) = preSolution
		HideSolutionNode = FALSE
	EndGlobalSection
	GlobalSection(ExtensibilityGlobals) = postSolution
		SolutionGuid = {EC9D1B18-8B7C-47EA-81BE-A7DDFF24A010}
	EndGlobalSection
EndGlobal
