
Microsoft Visual Studio Solution File, Format Version 12.00
# Visual Studio Version 17
VisualStudioVersion = 17.6.33829.357
MinimumVisualStudioVersion = 10.0.40219.1
Project("{FAE04EC0-301F-11D3-BF4B-00C04F79EFBC}") = "EuclideanAlgorithm", "EuclideanAlgorithm.csproj", "{CB2A7305-17B5-4BC9-9771-3321AA806784}"
EndProject
Global
	GlobalSection(SolutionConfigurationPlatforms) = preSolution
		Debug|Any CPU = Debug|Any CPU
		Release|Any CPU = Release|Any CPU
	EndGlobalSection
	GlobalSection(ProjectConfigurationPlatforms) = postSolution
		{CB2A7305-17B5-4BC9-9771-3321AA806784}.Debug|Any CPU.ActiveCfg = Debug|Any CPU
		{CB2A7305-17B5-4BC9-9771-3321AA806784}.Debug|Any CPU.Build.0 = Debug|Any CPU
		{CB2A7305-17B5-4BC9-9771-3321AA806784}.Release|Any CPU.ActiveCfg = Release|Any CPU
		{CB2A7305-17B5-4BC9-9771-3321AA806784}.Release|Any CPU.Build.0 = Release|Any CPU
	EndGlobalSection
	GlobalSection(SolutionProperties) = preSolution
		HideSolutionNode = FALSE
	EndGlobalSection
	GlobalSection(ExtensibilityGlobals) = postSolution
		SolutionGuid = {7CCD7BBF-F85C-439F-B985-F459387C48ED}
	EndGlobalSection
EndGlobal
