
Microsoft Visual Studio Solution File, Format Version 12.00
# Visual Studio Version 17
VisualStudioVersion = 17.6.33829.357
MinimumVisualStudioVersion = 10.0.40219.1
Project("{FAE04EC0-301F-11D3-BF4B-00C04F79EFBC}") = "JewelsAndStones", "JewelsAndStones.csproj", "{CCEF6707-7D8B-4AA3-8A18-EF68DC90DFCA}"
EndProject
Global
	GlobalSection(SolutionConfigurationPlatforms) = preSolution
		Debug|Any CPU = Debug|Any CPU
		Release|Any CPU = Release|Any CPU
	EndGlobalSection
	GlobalSection(ProjectConfigurationPlatforms) = postSolution
		{CCEF6707-7D8B-4AA3-8A18-EF68DC90DFCA}.Debug|Any CPU.ActiveCfg = Debug|Any CPU
		{CCEF6707-7D8B-4AA3-8A18-EF68DC90DFCA}.Debug|Any CPU.Build.0 = Debug|Any CPU
		{CCEF6707-7D8B-4AA3-8A18-EF68DC90DFCA}.Release|Any CPU.ActiveCfg = Release|Any CPU
		{CCEF6707-7D8B-4AA3-8A18-EF68DC90DFCA}.Release|Any CPU.Build.0 = Release|Any CPU
	EndGlobalSection
	GlobalSection(SolutionProperties) = preSolution
		HideSolutionNode = FALSE
	EndGlobalSection
	GlobalSection(ExtensibilityGlobals) = postSolution
		SolutionGuid = {D0FD0D55-0C4A-4B1D-AE13-0D371FBDC5AF}
	EndGlobalSection
EndGlobal
