
Microsoft Visual Studio Solution File, Format Version 12.00
# Visual Studio Version 17
VisualStudioVersion = 17.6.33829.357
MinimumVisualStudioVersion = 10.0.40219.1
Project("{FAE04EC0-301F-11D3-BF4B-00C04F79EFBC}") = "SumOfUniqueElements", "SumOfUniqueElements.csproj", "{159E0A81-2C3C-47DF-BE8D-D51B7D8BF5ED}"
EndProject
Global
	GlobalSection(SolutionConfigurationPlatforms) = preSolution
		Debug|Any CPU = Debug|Any CPU
		Release|Any CPU = Release|Any CPU
	EndGlobalSection
	GlobalSection(ProjectConfigurationPlatforms) = postSolution
		{159E0A81-2C3C-47DF-BE8D-D51B7D8BF5ED}.Debug|Any CPU.ActiveCfg = Debug|Any CPU
		{159E0A81-2C3C-47DF-BE8D-D51B7D8BF5ED}.Debug|Any CPU.Build.0 = Debug|Any CPU
		{159E0A81-2C3C-47DF-BE8D-D51B7D8BF5ED}.Release|Any CPU.ActiveCfg = Release|Any CPU
		{159E0A81-2C3C-47DF-BE8D-D51B7D8BF5ED}.Release|Any CPU.Build.0 = Release|Any CPU
	EndGlobalSection
	GlobalSection(SolutionProperties) = preSolution
		HideSolutionNode = FALSE
	EndGlobalSection
	GlobalSection(ExtensibilityGlobals) = postSolution
		SolutionGuid = {CACA7727-EB86-44FF-B6B9-88B74A588C78}
	EndGlobalSection
EndGlobal
