
Microsoft Visual Studio Solution File, Format Version 12.00
# Visual Studio Version 17
VisualStudioVersion = 17.5.33530.505
MinimumVisualStudioVersion = 10.0.40219.1
Project("{FAE04EC0-301F-11D3-BF4B-00C04F79EFBC}") = "ElonsToys", "ElonsToys.csproj", "{67C14315-18CA-48F6-910D-9A2EF2D8849F}"
EndProject
Global
	GlobalSection(SolutionConfigurationPlatforms) = preSolution
		Debug|Any CPU = Debug|Any CPU
		Release|Any CPU = Release|Any CPU
	EndGlobalSection
	GlobalSection(ProjectConfigurationPlatforms) = postSolution
		{67C14315-18CA-48F6-910D-9A2EF2D8849F}.Debug|Any CPU.ActiveCfg = Debug|Any CPU
		{67C14315-18CA-48F6-910D-9A2EF2D8849F}.Debug|Any CPU.Build.0 = Debug|Any CPU
		{67C14315-18CA-48F6-910D-9A2EF2D8849F}.Release|Any CPU.ActiveCfg = Release|Any CPU
		{67C14315-18CA-48F6-910D-9A2EF2D8849F}.Release|Any CPU.Build.0 = Release|Any CPU
	EndGlobalSection
	GlobalSection(SolutionProperties) = preSolution
		HideSolutionNode = FALSE
	EndGlobalSection
	GlobalSection(ExtensibilityGlobals) = postSolution
		SolutionGuid = {B27D512E-7461-4770-AEFD-3DD7DBBA52BA}
	EndGlobalSection
EndGlobal
