
Microsoft Visual Studio Solution File, Format Version 12.00
# Visual Studio Version 17
VisualStudioVersion = 17.6.33829.357
MinimumVisualStudioVersion = 10.0.40219.1
Project("{FAE04EC0-301F-11D3-BF4B-00C04F79EFBC}") = "CarListTester", "CarListTester.csproj", "{BABFFABC-D226-4ABC-BC3E-19BEC498B4DB}"
EndProject
Global
	GlobalSection(SolutionConfigurationPlatforms) = preSolution
		Debug|Any CPU = Debug|Any CPU
		Release|Any CPU = Release|Any CPU
	EndGlobalSection
	GlobalSection(ProjectConfigurationPlatforms) = postSolution
		{BABFFABC-D226-4ABC-BC3E-19BEC498B4DB}.Debug|Any CPU.ActiveCfg = Debug|Any CPU
		{BABFFABC-D226-4ABC-BC3E-19BEC498B4DB}.Debug|Any CPU.Build.0 = Debug|Any CPU
		{BABFFABC-D226-4ABC-BC3E-19BEC498B4DB}.Release|Any CPU.ActiveCfg = Release|Any CPU
		{BABFFABC-D226-4ABC-BC3E-19BEC498B4DB}.Release|Any CPU.Build.0 = Release|Any CPU
	EndGlobalSection
	GlobalSection(SolutionProperties) = preSolution
		HideSolutionNode = FALSE
	EndGlobalSection
	GlobalSection(ExtensibilityGlobals) = postSolution
		SolutionGuid = {0CBBBD43-A1A7-413F-AFBD-06AD7CB4D6EC}
	EndGlobalSection
EndGlobal
