
Microsoft Visual Studio Solution File, Format Version 12.00
# Visual Studio Version 17
VisualStudioVersion = 17.6.33829.357
MinimumVisualStudioVersion = 10.0.40219.1
Project("{FAE04EC0-301F-11D3-BF4B-00C04F79EFBC}") = "WordCounter", "WordCounter.csproj", "{D5E936D0-84A8-474A-981F-B1399BAD9713}"
EndProject
Global
	GlobalSection(SolutionConfigurationPlatforms) = preSolution
		Debug|Any CPU = Debug|Any CPU
		Release|Any CPU = Release|Any CPU
	EndGlobalSection
	GlobalSection(ProjectConfigurationPlatforms) = postSolution
		{D5E936D0-84A8-474A-981F-B1399BAD9713}.Debug|Any CPU.ActiveCfg = Debug|Any CPU
		{D5E936D0-84A8-474A-981F-B1399BAD9713}.Debug|Any CPU.Build.0 = Debug|Any CPU
		{D5E936D0-84A8-474A-981F-B1399BAD9713}.Release|Any CPU.ActiveCfg = Release|Any CPU
		{D5E936D0-84A8-474A-981F-B1399BAD9713}.Release|Any CPU.Build.0 = Release|Any CPU
	EndGlobalSection
	GlobalSection(SolutionProperties) = preSolution
		HideSolutionNode = FALSE
	EndGlobalSection
	GlobalSection(ExtensibilityGlobals) = postSolution
		SolutionGuid = {0C175E96-03B9-469E-8B39-E854B6B52D82}
	EndGlobalSection
EndGlobal
