
Microsoft Visual Studio Solution File, Format Version 12.00
# Visual Studio Version 17
VisualStudioVersion = 17.5.33530.505
MinimumVisualStudioVersion = 10.0.40219.1
Project("{FAE04EC0-301F-11D3-BF4B-00C04F79EFBC}") = "PerfectNumbers", "PerfectNumbers.csproj", "{17562451-A5B8-401A-91E5-2C9A316FBFF1}"
EndProject
Global
	GlobalSection(SolutionConfigurationPlatforms) = preSolution
		Debug|Any CPU = Debug|Any CPU
		Release|Any CPU = Release|Any CPU
	EndGlobalSection
	GlobalSection(ProjectConfigurationPlatforms) = postSolution
		{17562451-A5B8-401A-91E5-2C9A316FBFF1}.Debug|Any CPU.ActiveCfg = Debug|Any CPU
		{17562451-A5B8-401A-91E5-2C9A316FBFF1}.Debug|Any CPU.Build.0 = Debug|Any CPU
		{17562451-A5B8-401A-91E5-2C9A316FBFF1}.Release|Any CPU.ActiveCfg = Release|Any CPU
		{17562451-A5B8-401A-91E5-2C9A316FBFF1}.Release|Any CPU.Build.0 = Release|Any CPU
	EndGlobalSection
	GlobalSection(SolutionProperties) = preSolution
		HideSolutionNode = FALSE
	EndGlobalSection
	GlobalSection(ExtensibilityGlobals) = postSolution
		SolutionGuid = {4A9640F6-8EC3-4DA1-A695-A9AE9C41BA9E}
	EndGlobalSection
EndGlobal
