
Microsoft Visual Studio Solution File, Format Version 12.00
# Visual Studio Version 17
VisualStudioVersion = 17.6.33829.357
MinimumVisualStudioVersion = 10.0.40219.1
Project("{FAE04EC0-301F-11D3-BF4B-00C04F79EFBC}") = "EncodeTheMessage", "EncodeTheMessage.csproj", "{67013EC4-4612-455D-80C9-F99A4AEE0E54}"
EndProject
Global
	GlobalSection(SolutionConfigurationPlatforms) = preSolution
		Debug|Any CPU = Debug|Any CPU
		Release|Any CPU = Release|Any CPU
	EndGlobalSection
	GlobalSection(ProjectConfigurationPlatforms) = postSolution
		{67013EC4-4612-455D-80C9-F99A4AEE0E54}.Debug|Any CPU.ActiveCfg = Debug|Any CPU
		{67013EC4-4612-455D-80C9-F99A4AEE0E54}.Debug|Any CPU.Build.0 = Debug|Any CPU
		{67013EC4-4612-455D-80C9-F99A4AEE0E54}.Release|Any CPU.ActiveCfg = Release|Any CPU
		{67013EC4-4612-455D-80C9-F99A4AEE0E54}.Release|Any CPU.Build.0 = Release|Any CPU
	EndGlobalSection
	GlobalSection(SolutionProperties) = preSolution
		HideSolutionNode = FALSE
	EndGlobalSection
	GlobalSection(ExtensibilityGlobals) = postSolution
		SolutionGuid = {01B2388F-02B1-4924-98B4-4270CFF5F885}
	EndGlobalSection
EndGlobal
