
Microsoft Visual Studio Solution File, Format Version 12.00
# Visual Studio Version 17
VisualStudioVersion = 17.6.33829.357
MinimumVisualStudioVersion = 10.0.40219.1
Project("{FAE04EC0-301F-11D3-BF4B-00C04F79EFBC}") = "DefuseTheBomb", "DefuseTheBomb.csproj", "{1D8A4F62-75F2-4018-A10F-B55BDB764C67}"
EndProject
Global
	GlobalSection(SolutionConfigurationPlatforms) = preSolution
		Debug|Any CPU = Debug|Any CPU
		Release|Any CPU = Release|Any CPU
	EndGlobalSection
	GlobalSection(ProjectConfigurationPlatforms) = postSolution
		{1D8A4F62-75F2-4018-A10F-B55BDB764C67}.Debug|Any CPU.ActiveCfg = Debug|Any CPU
		{1D8A4F62-75F2-4018-A10F-B55BDB764C67}.Debug|Any CPU.Build.0 = Debug|Any CPU
		{1D8A4F62-75F2-4018-A10F-B55BDB764C67}.Release|Any CPU.ActiveCfg = Release|Any CPU
		{1D8A4F62-75F2-4018-A10F-B55BDB764C67}.Release|Any CPU.Build.0 = Release|Any CPU
	EndGlobalSection
	GlobalSection(SolutionProperties) = preSolution
		HideSolutionNode = FALSE
	EndGlobalSection
	GlobalSection(ExtensibilityGlobals) = postSolution
		SolutionGuid = {02B81E1C-2A63-42B3-9B89-A66062B5F040}
	EndGlobalSection
EndGlobal
