
Microsoft Visual Studio Solution File, Format Version 12.00
# Visual Studio Version 17
VisualStudioVersion = 17.6.33829.357
MinimumVisualStudioVersion = 10.0.40219.1
Project("{FAE04EC0-301F-11D3-BF4B-00C04F79EFBC}") = "DivisorGame", "DivisorGame.csproj", "{AE87C919-3D80-4874-A6BB-4C6763AD82F0}"
EndProject
Global
	GlobalSection(SolutionConfigurationPlatforms) = preSolution
		Debug|Any CPU = Debug|Any CPU
		Release|Any CPU = Release|Any CPU
	EndGlobalSection
	GlobalSection(ProjectConfigurationPlatforms) = postSolution
		{AE87C919-3D80-4874-A6BB-4C6763AD82F0}.Debug|Any CPU.ActiveCfg = Debug|Any CPU
		{AE87C919-3D80-4874-A6BB-4C6763AD82F0}.Debug|Any CPU.Build.0 = Debug|Any CPU
		{AE87C919-3D80-4874-A6BB-4C6763AD82F0}.Release|Any CPU.ActiveCfg = Release|Any CPU
		{AE87C919-3D80-4874-A6BB-4C6763AD82F0}.Release|Any CPU.Build.0 = Release|Any CPU
	EndGlobalSection
	GlobalSection(SolutionProperties) = preSolution
		HideSolutionNode = FALSE
	EndGlobalSection
	GlobalSection(ExtensibilityGlobals) = postSolution
		SolutionGuid = {0FC69C97-B85E-488E-8CD0-C9237E841799}
	EndGlobalSection
EndGlobal
