
Microsoft Visual Studio Solution File, Format Version 12.00
# Visual Studio Version 17
VisualStudioVersion = 17.6.33829.357
MinimumVisualStudioVersion = 10.0.40219.1
Project("{FAE04EC0-301F-11D3-BF4B-00C04F79EFBC}") = "BugTester", "BugTester.csproj", "{6A2E4F96-6A44-47AC-831F-507FAFB8A88B}"
EndProject
Global
	GlobalSection(SolutionConfigurationPlatforms) = preSolution
		Debug|Any CPU = Debug|Any CPU
		Release|Any CPU = Release|Any CPU
	EndGlobalSection
	GlobalSection(ProjectConfigurationPlatforms) = postSolution
		{6A2E4F96-6A44-47AC-831F-507FAFB8A88B}.Debug|Any CPU.ActiveCfg = Debug|Any CPU
		{6A2E4F96-6A44-47AC-831F-507FAFB8A88B}.Debug|Any CPU.Build.0 = Debug|Any CPU
		{6A2E4F96-6A44-47AC-831F-507FAFB8A88B}.Release|Any CPU.ActiveCfg = Release|Any CPU
		{6A2E4F96-6A44-47AC-831F-507FAFB8A88B}.Release|Any CPU.Build.0 = Release|Any CPU
	EndGlobalSection
	GlobalSection(SolutionProperties) = preSolution
		HideSolutionNode = FALSE
	EndGlobalSection
	GlobalSection(ExtensibilityGlobals) = postSolution
		SolutionGuid = {6C6D2406-150D-45E6-B0FE-E1C4518A1455}
	EndGlobalSection
EndGlobal
