
Microsoft Visual Studio Solution File, Format Version 12.00
# Visual Studio Version 17
VisualStudioVersion = 17.6.33829.357
MinimumVisualStudioVersion = 10.0.40219.1
Project("{FAE04EC0-301F-11D3-BF4B-00C04F79EFBC}") = "SubtractProductAndSum", "SubtractProductAndSum.csproj", "{E7266661-1A52-491D-85D5-54A5CC2CDD82}"
EndProject
Global
	GlobalSection(SolutionConfigurationPlatforms) = preSolution
		Debug|Any CPU = Debug|Any CPU
		Release|Any CPU = Release|Any CPU
	EndGlobalSection
	GlobalSection(ProjectConfigurationPlatforms) = postSolution
		{E7266661-1A52-491D-85D5-54A5CC2CDD82}.Debug|Any CPU.ActiveCfg = Debug|Any CPU
		{E7266661-1A52-491D-85D5-54A5CC2CDD82}.Debug|Any CPU.Build.0 = Debug|Any CPU
		{E7266661-1A52-491D-85D5-54A5CC2CDD82}.Release|Any CPU.ActiveCfg = Release|Any CPU
		{E7266661-1A52-491D-85D5-54A5CC2CDD82}.Release|Any CPU.Build.0 = Release|Any CPU
	EndGlobalSection
	GlobalSection(SolutionProperties) = preSolution
		HideSolutionNode = FALSE
	EndGlobalSection
	GlobalSection(ExtensibilityGlobals) = postSolution
		SolutionGuid = {8C4FD0A2-EA73-4205-B3C8-18876EEDD3D5}
	EndGlobalSection
EndGlobal
