
Microsoft Visual Studio Solution File, Format Version 12.00
# Visual Studio Version 17
VisualStudioVersion = 17.6.33829.357
MinimumVisualStudioVersion = 10.0.40219.1
Project("{9A19103F-16F7-4668-BE54-9A1E7A4F7556}") = "Sandbox", "Sandbox.csproj", "{F924C966-3CAC-4A00-8138-8AEAC9F8DB42}"
EndProject
Global
	GlobalSection(SolutionConfigurationPlatforms) = preSolution
		Debug|Any CPU = Debug|Any CPU
		Release|Any CPU = Release|Any CPU
	EndGlobalSection
	GlobalSection(ProjectConfigurationPlatforms) = postSolution
		{F924C966-3CAC-4A00-8138-8AEAC9F8DB42}.Debug|Any CPU.ActiveCfg = Debug|Any CPU
		{F924C966-3CAC-4A00-8138-8AEAC9F8DB42}.Debug|Any CPU.Build.0 = Debug|Any CPU
		{F924C966-3CAC-4A00-8138-8AEAC9F8DB42}.Release|Any CPU.ActiveCfg = Release|Any CPU
		{F924C966-3CAC-4A00-8138-8AEAC9F8DB42}.Release|Any CPU.Build.0 = Release|Any CPU
	EndGlobalSection
	GlobalSection(SolutionProperties) = preSolution
		HideSolutionNode = FALSE
	EndGlobalSection
	GlobalSection(ExtensibilityGlobals) = postSolution
		SolutionGuid = {E9DAD54B-5DF8-474D-B3B6-7D8A2067DC18}
	EndGlobalSection
EndGlobal
