
Microsoft Visual Studio Solution File, Format Version 12.00
# Visual Studio Version 17
VisualStudioVersion = 17.6.33829.357
MinimumVisualStudioVersion = 10.0.40219.1
Project("{9A19103F-16F7-4668-BE54-9A1E7A4F7556}") = "SortStack", "SortStack.csproj", "{16D19BC4-2A5B-49E7-BCDD-D4C4AEEDFDF0}"
EndProject
Global
	GlobalSection(SolutionConfigurationPlatforms) = preSolution
		Debug|Any CPU = Debug|Any CPU
		Release|Any CPU = Release|Any CPU
	EndGlobalSection
	GlobalSection(ProjectConfigurationPlatforms) = postSolution
		{16D19BC4-2A5B-49E7-BCDD-D4C4AEEDFDF0}.Debug|Any CPU.ActiveCfg = Debug|Any CPU
		{16D19BC4-2A5B-49E7-BCDD-D4C4AEEDFDF0}.Debug|Any CPU.Build.0 = Debug|Any CPU
		{16D19BC4-2A5B-49E7-BCDD-D4C4AEEDFDF0}.Release|Any CPU.ActiveCfg = Release|Any CPU
		{16D19BC4-2A5B-49E7-BCDD-D4C4AEEDFDF0}.Release|Any CPU.Build.0 = Release|Any CPU
	EndGlobalSection
	GlobalSection(SolutionProperties) = preSolution
		HideSolutionNode = FALSE
	EndGlobalSection
	GlobalSection(ExtensibilityGlobals) = postSolution
		SolutionGuid = {56E2464A-B3F6-406F-A294-8D66FA49257D}
	EndGlobalSection
EndGlobal
