
Microsoft Visual Studio Solution File, Format Version 12.00
# Visual Studio Version 17
VisualStudioVersion = 17.6.33829.357
MinimumVisualStudioVersion = 10.0.40219.1
Project("{FAE04EC0-301F-11D3-BF4B-00C04F79EFBC}") = "BinaryRepresentationTester", "BinaryRepresentationTester.csproj", "{F43A0AD6-182B-4BC4-96C1-DA003B69AD93}"
EndProject
Global
	GlobalSection(SolutionConfigurationPlatforms) = preSolution
		Debug|Any CPU = Debug|Any CPU
		Release|Any CPU = Release|Any CPU
	EndGlobalSection
	GlobalSection(ProjectConfigurationPlatforms) = postSolution
		{F43A0AD6-182B-4BC4-96C1-DA003B69AD93}.Debug|Any CPU.ActiveCfg = Debug|Any CPU
		{F43A0AD6-182B-4BC4-96C1-DA003B69AD93}.Debug|Any CPU.Build.0 = Debug|Any CPU
		{F43A0AD6-182B-4BC4-96C1-DA003B69AD93}.Release|Any CPU.ActiveCfg = Release|Any CPU
		{F43A0AD6-182B-4BC4-96C1-DA003B69AD93}.Release|Any CPU.Build.0 = Release|Any CPU
	EndGlobalSection
	GlobalSection(SolutionProperties) = preSolution
		HideSolutionNode = FALSE
	EndGlobalSection
	GlobalSection(ExtensibilityGlobals) = postSolution
		SolutionGuid = {2D013F65-6588-4696-9BA1-6DA2E040D1AE}
	EndGlobalSection
EndGlobal
