
Microsoft Visual Studio Solution File, Format Version 12.00
# Visual Studio Version 17
VisualStudioVersion = 17.6.33829.357
MinimumVisualStudioVersion = 10.0.40219.1
Project("{FAE04EC0-301F-11D3-BF4B-00C04F79EFBC}") = "CountPairs", "CountPairs.csproj", "{80FDA92A-BDD9-497F-BF62-AD3B384D017D}"
EndProject
Global
	GlobalSection(SolutionConfigurationPlatforms) = preSolution
		Debug|Any CPU = Debug|Any CPU
		Release|Any CPU = Release|Any CPU
	EndGlobalSection
	GlobalSection(ProjectConfigurationPlatforms) = postSolution
		{80FDA92A-BDD9-497F-BF62-AD3B384D017D}.Debug|Any CPU.ActiveCfg = Debug|Any CPU
		{80FDA92A-BDD9-497F-BF62-AD3B384D017D}.Debug|Any CPU.Build.0 = Debug|Any CPU
		{80FDA92A-BDD9-497F-BF62-AD3B384D017D}.Release|Any CPU.ActiveCfg = Release|Any CPU
		{80FDA92A-BDD9-497F-BF62-AD3B384D017D}.Release|Any CPU.Build.0 = Release|Any CPU
	EndGlobalSection
	GlobalSection(SolutionProperties) = preSolution
		HideSolutionNode = FALSE
	EndGlobalSection
	GlobalSection(ExtensibilityGlobals) = postSolution
		SolutionGuid = {AB1ED784-D73F-438C-8B14-122B4304507E}
	EndGlobalSection
EndGlobal
